// !$*UTF8*$!
{
	archiveVersion = 1;
	classes = {
	};
	objectVersion = 50;
	objects = {

/* Begin PBXBuildFile section */
		DACBB053215E43CB00053ABE /* AppDelegate.swift in Sources */ = {isa = PBXBuildFile; fileRef = DACBB052215E43CB00053ABE /* AppDelegate.swift */; };
		DACBB055215E43CB00053ABE /* ViewController.swift in Sources */ = {isa = PBXBuildFile; fileRef = DACBB054215E43CB00053ABE /* ViewController.swift */; };
		DACBB05A215E43CC00053ABE /* Assets.xcassets in Resources */ = {isa = PBXBuildFile; fileRef = DACBB059215E43CC00053ABE /* Assets.xcassets */; };
		DACBB05D215E43CC00053ABE /* LaunchScreen.storyboard in Resources */ = {isa = PBXBuildFile; fileRef = DACBB05B215E43CC00053ABE /* LaunchScreen.storyboard */; };
		DACBB068215E43CC00053ABE /* RxAPIRequestTests.swift in Sources */ = {isa = PBXBuildFile; fileRef = DACBB067215E43CC00053ABE /* RxAPIRequestTests.swift */; };
		DACBB074215ECBD200053ABE /* user_info_api.json in Resources */ = {isa = PBXBuildFile; fileRef = DACBB073215ECBD200053ABE /* user_info_api.json */; };
		DACBB077215ECBFE00053ABE /* repository_list.json in Resources */ = {isa = PBXBuildFile; fileRef = DACBB076215ECBFE00053ABE /* repository_list.json */; };
		DACBB07B215ED1B700053ABE /* UserInfo.swift in Sources */ = {isa = PBXBuildFile; fileRef = DACBB07A215ED1B700053ABE /* UserInfo.swift */; };
		DACBB07D215ED1C200053ABE /* Repository.swift in Sources */ = {isa = PBXBuildFile; fileRef = DACBB07C215ED1C200053ABE /* Repository.swift */; };
		DACBB07F215ED1CE00053ABE /* RepositoryList.swift in Sources */ = {isa = PBXBuildFile; fileRef = DACBB07E215ED1CE00053ABE /* RepositoryList.swift */; };
		DACBB081215ED37800053ABE /* ViewController.xib in Resources */ = {isa = PBXBuildFile; fileRef = DACBB080215ED37800053ABE /* ViewController.xib */; };
		DACBB084215ED91400053ABE /* .swiftlint.yml in Resources */ = {isa = PBXBuildFile; fileRef = DACBB083215ED91400053ABE /* .swiftlint.yml */; };
		DACBB086215ED91900053ABE /* .gitignore in Resources */ = {isa = PBXBuildFile; fileRef = DACBB085215ED91900053ABE /* .gitignore */; };
		DACBB08B215FAC3D00053ABE /* UserInfoModel.swift in Sources */ = {isa = PBXBuildFile; fileRef = DACBB08A215FAC3D00053ABE /* UserInfoModel.swift */; };
		DACBB08D215FAC7B00053ABE /* RepositoryListModel.swift in Sources */ = {isa = PBXBuildFile; fileRef = DACBB08C215FAC7B00053ABE /* RepositoryListModel.swift */; };
		DACBB091215FC40200053ABE /* APIClient.swift in Sources */ = {isa = PBXBuildFile; fileRef = DACBB090215FC40200053ABE /* APIClient.swift */; };
		DACBB095215FCF5900053ABE /* Result.swift in Sources */ = {isa = PBXBuildFile; fileRef = DACBB094215FCF5900053ABE /* Result.swift */; };
		DB932AE8F2EB920E1A63B6A4 /* Pods_RxAPIRequest.framework in Frameworks */ = {isa = PBXBuildFile; fileRef = 4954DAEE9CA06CF6432CF2EA /* Pods_RxAPIRequest.framework */; };
		EE0A52C94A03262623F46E24 /* Pods_RxAPIRequestTests.framework in Frameworks */ = {isa = PBXBuildFile; fileRef = C65AFA62EF4338DC40794681 /* Pods_RxAPIRequestTests.framework */; };
/* End PBXBuildFile section */

/* Begin PBXContainerItemProxy section */
		DACBB064215E43CC00053ABE /* PBXContainerItemProxy */ = {
			isa = PBXContainerItemProxy;
			containerPortal = DACBB047215E43CA00053ABE /* Project object */;
			proxyType = 1;
			remoteGlobalIDString = DACBB04E215E43CA00053ABE;
			remoteInfo = RxAPIRequest;
		};
/* End PBXContainerItemProxy section */

/* Begin PBXFileReference section */
		0E41C412C29DB2BF29703658 /* Pods-RxAPIRequestTests.release.xcconfig */ = {isa = PBXFileReference; includeInIndex = 1; lastKnownFileType = text.xcconfig; name = "Pods-RxAPIRequestTests.release.xcconfig"; path = "Pods/Target Support Files/Pods-RxAPIRequestTests/Pods-RxAPIRequestTests.release.xcconfig"; sourceTree = "<group>"; };
		4110C97F1D5AA82B88110597 /* Pods-RxAPIRequest.debug.xcconfig */ = {isa = PBXFileReference; includeInIndex = 1; lastKnownFileType = text.xcconfig; name = "Pods-RxAPIRequest.debug.xcconfig"; path = "Pods/Target Support Files/Pods-RxAPIRequest/Pods-RxAPIRequest.debug.xcconfig"; sourceTree = "<group>"; };
		4954DAEE9CA06CF6432CF2EA /* Pods_RxAPIRequest.framework */ = {isa = PBXFileReference; explicitFileType = wrapper.framework; includeInIndex = 0; path = Pods_RxAPIRequest.framework; sourceTree = BUILT_PRODUCTS_DIR; };
		89D230098F5B7C16FBE3DB2A /* Pods-RxAPIRequest.release.xcconfig */ = {isa = PBXFileReference; includeInIndex = 1; lastKnownFileType = text.xcconfig; name = "Pods-RxAPIRequest.release.xcconfig"; path = "Pods/Target Support Files/Pods-RxAPIRequest/Pods-RxAPIRequest.release.xcconfig"; sourceTree = "<group>"; };
		BCE8B786968327ED47BD5091 /* Pods-RxAPIRequestTests.debug.xcconfig */ = {isa = PBXFileReference; includeInIndex = 1; lastKnownFileType = text.xcconfig; name = "Pods-RxAPIRequestTests.debug.xcconfig"; path = "Pods/Target Support Files/Pods-RxAPIRequestTests/Pods-RxAPIRequestTests.debug.xcconfig"; sourceTree = "<group>"; };
		C65AFA62EF4338DC40794681 /* Pods_RxAPIRequestTests.framework */ = {isa = PBXFileReference; explicitFileType = wrapper.framework; includeInIndex = 0; path = Pods_RxAPIRequestTests.framework; sourceTree = BUILT_PRODUCTS_DIR; };
		DACBB04F215E43CA00053ABE /* RxAPIRequest.app */ = {isa = PBXFileReference; explicitFileType = wrapper.application; includeInIndex = 0; path = RxAPIRequest.app; sourceTree = BUILT_PRODUCTS_DIR; };
		DACBB052215E43CB00053ABE /* AppDelegate.swift */ = {isa = PBXFileReference; lastKnownFileType = sourcecode.swift; path = AppDelegate.swift; sourceTree = "<group>"; };
		DACBB054215E43CB00053ABE /* ViewController.swift */ = {isa = PBXFileReference; lastKnownFileType = sourcecode.swift; path = ViewController.swift; sourceTree = "<group>"; };
		DACBB059215E43CC00053ABE /* Assets.xcassets */ = {isa = PBXFileReference; lastKnownFileType = folder.assetcatalog; path = Assets.xcassets; sourceTree = "<group>"; };
		DACBB05C215E43CC00053ABE /* Base */ = {isa = PBXFileReference; lastKnownFileType = file.storyboard; name = Base; path = Base.lproj/LaunchScreen.storyboard; sourceTree = "<group>"; };
		DACBB05E215E43CC00053ABE /* Info.plist */ = {isa = PBXFileReference; lastKnownFileType = text.plist.xml; path = Info.plist; sourceTree = "<group>"; };
		DACBB063215E43CC00053ABE /* RxAPIRequestTests.xctest */ = {isa = PBXFileReference; explicitFileType = wrapper.cfbundle; includeInIndex = 0; path = RxAPIRequestTests.xctest; sourceTree = BUILT_PRODUCTS_DIR; };
		DACBB067215E43CC00053ABE /* RxAPIRequestTests.swift */ = {isa = PBXFileReference; lastKnownFileType = sourcecode.swift; path = RxAPIRequestTests.swift; sourceTree = "<group>"; };
		DACBB069215E43CC00053ABE /* Info.plist */ = {isa = PBXFileReference; lastKnownFileType = text.plist.xml; path = Info.plist; sourceTree = "<group>"; };
		DACBB073215ECBD200053ABE /* user_info_api.json */ = {isa = PBXFileReference; lastKnownFileType = text.json; path = user_info_api.json; sourceTree = "<group>"; };
		DACBB076215ECBFE00053ABE /* repository_list.json */ = {isa = PBXFileReference; lastKnownFileType = text.json; path = repository_list.json; sourceTree = "<group>"; };
		DACBB07A215ED1B700053ABE /* UserInfo.swift */ = {isa = PBXFileReference; lastKnownFileType = sourcecode.swift; path = UserInfo.swift; sourceTree = "<group>"; };
		DACBB07C215ED1C200053ABE /* Repository.swift */ = {isa = PBXFileReference; lastKnownFileType = sourcecode.swift; path = Repository.swift; sourceTree = "<group>"; };
		DACBB07E215ED1CE00053ABE /* RepositoryList.swift */ = {isa = PBXFileReference; lastKnownFileType = sourcecode.swift; path = RepositoryList.swift; sourceTree = "<group>"; };
		DACBB080215ED37800053ABE /* ViewController.xib */ = {isa = PBXFileReference; lastKnownFileType = file.xib; path = ViewController.xib; sourceTree = "<group>"; };
		DACBB083215ED91400053ABE /* .swiftlint.yml */ = {isa = PBXFileReference; fileEncoding = 4; lastKnownFileType = text; path = .swiftlint.yml; sourceTree = SOURCE_ROOT; };
		DACBB085215ED91900053ABE /* .gitignore */ = {isa = PBXFileReference; fileEncoding = 4; lastKnownFileType = text; path = .gitignore; sourceTree = SOURCE_ROOT; };
		DACBB08A215FAC3D00053ABE /* UserInfoModel.swift */ = {isa = PBXFileReference; lastKnownFileType = sourcecode.swift; path = UserInfoModel.swift; sourceTree = "<group>"; };
		DACBB08C215FAC7B00053ABE /* RepositoryListModel.swift */ = {isa = PBXFileReference; lastKnownFileType = sourcecode.swift; path = RepositoryListModel.swift; sourceTree = "<group>"; };
		DACBB090215FC40200053ABE /* APIClient.swift */ = {isa = PBXFileReference; lastKnownFileType = sourcecode.swift; path = APIClient.swift; sourceTree = "<group>"; };
		DACBB094215FCF5900053ABE /* Result.swift */ = {isa = PBXFileReference; lastKnownFileType = sourcecode.swift; path = Result.swift; sourceTree = "<group>"; };
/* End PBXFileReference section */

/* Begin PBXFrameworksBuildPhase section */
		DACBB04C215E43CA00053ABE /* Frameworks */ = {
			isa = PBXFrameworksBuildPhase;
			buildActionMask = 2147483647;
			files = (
				DB932AE8F2EB920E1A63B6A4 /* Pods_RxAPIRequest.framework in Frameworks */,
			);
			runOnlyForDeploymentPostprocessing = 0;
		};
		DACBB060215E43CC00053ABE /* Frameworks */ = {
			isa = PBXFrameworksBuildPhase;
			buildActionMask = 2147483647;
			files = (
				EE0A52C94A03262623F46E24 /* Pods_RxAPIRequestTests.framework in Frameworks */,
			);
			runOnlyForDeploymentPostprocessing = 0;
		};
/* End PBXFrameworksBuildPhase section */

/* Begin PBXGroup section */
		792181288044DBD7C02F6013 /* Frameworks */ = {
			isa = PBXGroup;
			children = (
				4954DAEE9CA06CF6432CF2EA /* Pods_RxAPIRequest.framework */,
				C65AFA62EF4338DC40794681 /* Pods_RxAPIRequestTests.framework */,
			);
			name = Frameworks;
			sourceTree = "<group>";
		};
		A61CD238B12368BD8607E2D2 /* Pods */ = {
			isa = PBXGroup;
			children = (
				4110C97F1D5AA82B88110597 /* Pods-RxAPIRequest.debug.xcconfig */,
				89D230098F5B7C16FBE3DB2A /* Pods-RxAPIRequest.release.xcconfig */,
				BCE8B786968327ED47BD5091 /* Pods-RxAPIRequestTests.debug.xcconfig */,
				0E41C412C29DB2BF29703658 /* Pods-RxAPIRequestTests.release.xcconfig */,
			);
			name = Pods;
			sourceTree = "<group>";
		};
		DACBB046215E43CA00053ABE = {
			isa = PBXGroup;
			children = (
				DACBB082215ED90200053ABE /* Config */,
				DACBB051215E43CA00053ABE /* RxAPIRequest */,
				DACBB066215E43CC00053ABE /* RxAPIRequestTests */,
				DACBB050215E43CA00053ABE /* Products */,
				A61CD238B12368BD8607E2D2 /* Pods */,
				792181288044DBD7C02F6013 /* Frameworks */,
			);
			sourceTree = "<group>";
		};
		DACBB050215E43CA00053ABE /* Products */ = {
			isa = PBXGroup;
			children = (
				DACBB04F215E43CA00053ABE /* RxAPIRequest.app */,
				DACBB063215E43CC00053ABE /* RxAPIRequestTests.xctest */,
			);
			name = Products;
			sourceTree = "<group>";
		};
		DACBB051215E43CA00053ABE /* RxAPIRequest */ = {
			isa = PBXGroup;
			children = (
				DACBB096216078E800053ABE /* Model */,
				DACBB072215ECB9000053ABE /* API */,
				DACBB052215E43CB00053ABE /* AppDelegate.swift */,
				DACBB054215E43CB00053ABE /* ViewController.swift */,
				DACBB080215ED37800053ABE /* ViewController.xib */,
				DACBB094215FCF5900053ABE /* Result.swift */,
				DACBB059215E43CC00053ABE /* Assets.xcassets */,
				DACBB05B215E43CC00053ABE /* LaunchScreen.storyboard */,
				DACBB05E215E43CC00053ABE /* Info.plist */,
			);
			path = RxAPIRequest;
			sourceTree = "<group>";
		};
		DACBB066215E43CC00053ABE /* RxAPIRequestTests */ = {
			isa = PBXGroup;
			children = (
				DACBB067215E43CC00053ABE /* RxAPIRequestTests.swift */,
				DACBB069215E43CC00053ABE /* Info.plist */,
			);
			path = RxAPIRequestTests;
			sourceTree = "<group>";
		};
		DACBB072215ECB9000053ABE /* API */ = {
			isa = PBXGroup;
			children = (
				DACBB073215ECBD200053ABE /* user_info_api.json */,
				DACBB076215ECBFE00053ABE /* repository_list.json */,
			);
			path = API;
			sourceTree = "<group>";
		};
		DACBB082215ED90200053ABE /* Config */ = {
			isa = PBXGroup;
			children = (
				DACBB085215ED91900053ABE /* .gitignore */,
				DACBB083215ED91400053ABE /* .swiftlint.yml */,
			);
			path = Config;
			sourceTree = "<group>";
		};
		DACBB096216078E800053ABE /* Model */ = {
			isa = PBXGroup;
			children = (
				DACBB090215FC40200053ABE /* APIClient.swift */,
				DACBB08A215FAC3D00053ABE /* UserInfoModel.swift */,
				DACBB07A215ED1B700053ABE /* UserInfo.swift */,
				DACBB08C215FAC7B00053ABE /* RepositoryListModel.swift */,
				DACBB07C215ED1C200053ABE /* Repository.swift */,
				DACBB07E215ED1CE00053ABE /* RepositoryList.swift */,
			);
			path = Model;
			sourceTree = "<group>";
		};
/* End PBXGroup section */

/* Begin PBXNativeTarget section */
		DACBB04E215E43CA00053ABE /* RxAPIRequest */ = {
			isa = PBXNativeTarget;
			buildConfigurationList = DACBB06C215E43CC00053ABE /* Build configuration list for PBXNativeTarget "RxAPIRequest" */;
			buildPhases = (
				0B7DA0EF96304327DD0DEF8A /* [CP] Check Pods Manifest.lock */,
				DACBB04B215E43CA00053ABE /* Sources */,
				DACBB04C215E43CA00053ABE /* Frameworks */,
				DACBB04D215E43CA00053ABE /* Resources */,
				7B1B3CCDDDD844BF33422F87 /* [CP] Embed Pods Frameworks */,
				DACBB089215ED99700053ABE /* SwiftLint */,
			);
			buildRules = (
			);
			dependencies = (
			);
			name = RxAPIRequest;
			productName = RxAPIRequest;
			productReference = DACBB04F215E43CA00053ABE /* RxAPIRequest.app */;
			productType = "com.apple.product-type.application";
		};
		DACBB062215E43CC00053ABE /* RxAPIRequestTests */ = {
			isa = PBXNativeTarget;
			buildConfigurationList = DACBB06F215E43CC00053ABE /* Build configuration list for PBXNativeTarget "RxAPIRequestTests" */;
			buildPhases = (
				E0946377588B6A59A04EF957 /* [CP] Check Pods Manifest.lock */,
				DACBB05F215E43CC00053ABE /* Sources */,
				DACBB060215E43CC00053ABE /* Frameworks */,
				DACBB061215E43CC00053ABE /* Resources */,
			);
			buildRules = (
			);
			dependencies = (
				DACBB065215E43CC00053ABE /* PBXTargetDependency */,
			);
			name = RxAPIRequestTests;
			productName = RxAPIRequestTests;
			productReference = DACBB063215E43CC00053ABE /* RxAPIRequestTests.xctest */;
			productType = "com.apple.product-type.bundle.unit-test";
		};
/* End PBXNativeTarget section */

/* Begin PBXProject section */
		DACBB047215E43CA00053ABE /* Project object */ = {
			isa = PBXProject;
			attributes = {
				LastSwiftUpdateCheck = 1000;
				LastUpgradeCheck = 1000;
				ORGANIZATIONNAME = "Shota Nakagami";
				TargetAttributes = {
					DACBB04E215E43CA00053ABE = {
						CreatedOnToolsVersion = 10.0;
					};
					DACBB062215E43CC00053ABE = {
						CreatedOnToolsVersion = 10.0;
						TestTargetID = DACBB04E215E43CA00053ABE;
					};
				};
			};
			buildConfigurationList = DACBB04A215E43CA00053ABE /* Build configuration list for PBXProject "RxAPIRequest" */;
			compatibilityVersion = "Xcode 9.3";
			developmentRegion = en;
			hasScannedForEncodings = 0;
			knownRegions = (
				en,
				Base,
			);
			mainGroup = DACBB046215E43CA00053ABE;
			productRefGroup = DACBB050215E43CA00053ABE /* Products */;
			projectDirPath = "";
			projectRoot = "";
			targets = (
				DACBB04E215E43CA00053ABE /* RxAPIRequest */,
				DACBB062215E43CC00053ABE /* RxAPIRequestTests */,
			);
		};
/* End PBXProject section */

/* Begin PBXResourcesBuildPhase section */
		DACBB04D215E43CA00053ABE /* Resources */ = {
			isa = PBXResourcesBuildPhase;
			buildActionMask = 2147483647;
			files = (
				DACBB084215ED91400053ABE /* .swiftlint.yml in Resources */,
				DACBB086215ED91900053ABE /* .gitignore in Resources */,
				DACBB081215ED37800053ABE /* ViewController.xib in Resources */,
				DACBB05D215E43CC00053ABE /* LaunchScreen.storyboard in Resources */,
				DACBB074215ECBD200053ABE /* user_info_api.json in Resources */,
				DACBB05A215E43CC00053ABE /* Assets.xcassets in Resources */,
				DACBB077215ECBFE00053ABE /* repository_list.json in Resources */,
			);
			runOnlyForDeploymentPostprocessing = 0;
		};
		DACBB061215E43CC00053ABE /* Resources */ = {
			isa = PBXResourcesBuildPhase;
			buildActionMask = 2147483647;
			files = (
			);
			runOnlyForDeploymentPostprocessing = 0;
		};
/* End PBXResourcesBuildPhase section */

/* Begin PBXShellScriptBuildPhase section */
		0B7DA0EF96304327DD0DEF8A /* [CP] Check Pods Manifest.lock */ = {
			isa = PBXShellScriptBuildPhase;
			buildActionMask = 2147483647;
			files = (
			);
			inputFileListPaths = (
			);
			inputPaths = (
				"${PODS_PODFILE_DIR_PATH}/Podfile.lock",
				"${PODS_ROOT}/Manifest.lock",
			);
			name = "[CP] Check Pods Manifest.lock";
			outputFileListPaths = (
			);
			outputPaths = (
				"$(DERIVED_FILE_DIR)/Pods-RxAPIRequest-checkManifestLockResult.txt",
			);
			runOnlyForDeploymentPostprocessing = 0;
			shellPath = /bin/sh;
			shellScript = "diff \"${PODS_PODFILE_DIR_PATH}/Podfile.lock\" \"${PODS_ROOT}/Manifest.lock\" > /dev/null\nif [ $? != 0 ] ; then\n    # print error to STDERR\n    echo \"error: The sandbox is not in sync with the Podfile.lock. Run 'pod install' or update your CocoaPods installation.\" >&2\n    exit 1\nfi\n# This output is used by Xcode 'outputs' to avoid re-running this script phase.\necho \"SUCCESS\" > \"${SCRIPT_OUTPUT_FILE_0}\"\n";
			showEnvVarsInLog = 0;
		};
		7B1B3CCDDDD844BF33422F87 /* [CP] Embed Pods Frameworks */ = {
			isa = PBXShellScriptBuildPhase;
			buildActionMask = 2147483647;
			files = (
			);
			inputFileListPaths = (
			);
			inputPaths = (
				"${SRCROOT}/Pods/Target Support Files/Pods-RxAPIRequest/Pods-RxAPIRequest-frameworks.sh",
				"${BUILT_PRODUCTS_DIR}/Alamofire/Alamofire.framework",
				"${BUILT_PRODUCTS_DIR}/Nuke/Nuke.framework",
				"${BUILT_PRODUCTS_DIR}/RxCocoa/RxCocoa.framework",
				"${BUILT_PRODUCTS_DIR}/RxSwift/RxSwift.framework",
				"${BUILT_PRODUCTS_DIR}/SnapKit/SnapKit.framework",
			);
			name = "[CP] Embed Pods Frameworks";
			outputFileListPaths = (
			);
			outputPaths = (
				"${TARGET_BUILD_DIR}/${FRAMEWORKS_FOLDER_PATH}/Alamofire.framework",
				"${TARGET_BUILD_DIR}/${FRAMEWORKS_FOLDER_PATH}/Nuke.framework",
				"${TARGET_BUILD_DIR}/${FRAMEWORKS_FOLDER_PATH}/RxCocoa.framework",
				"${TARGET_BUILD_DIR}/${FRAMEWORKS_FOLDER_PATH}/RxSwift.framework",
				"${TARGET_BUILD_DIR}/${FRAMEWORKS_FOLDER_PATH}/SnapKit.framework",
			);
			runOnlyForDeploymentPostprocessing = 0;
			shellPath = /bin/sh;
			shellScript = "\"${SRCROOT}/Pods/Target Support Files/Pods-RxAPIRequest/Pods-RxAPIRequest-frameworks.sh\"\n";
			showEnvVarsInLog = 0;
		};
		DACBB089215ED99700053ABE /* SwiftLint */ = {
			isa = PBXShellScriptBuildPhase;
			buildActionMask = 2147483647;
			files = (
			);
			inputFileListPaths = (
			);
			inputPaths = (
			);
			name = SwiftLint;
			outputFileListPaths = (
			);
			outputPaths = (
			);
			runOnlyForDeploymentPostprocessing = 0;
			shellPath = /bin/sh;
			shellScript = "if which ${PODS_ROOT}/SwiftLint/swiftlint >/dev/null; then\n  ${PODS_ROOT}/SwiftLint/swiftlint autocorrect\n  ${PODS_ROOT}/SwiftLint/swiftlint\nelse\n  echo \"warning: SwiftLint not installed, download from https://github.com/realm/SwiftLint\"\nfi\n";
		};
		E0946377588B6A59A04EF957 /* [CP] Check Pods Manifest.lock */ = {
			isa = PBXShellScriptBuildPhase;
			buildActionMask = 2147483647;
			files = (
			);
			inputFileListPaths = (
			);
			inputPaths = (
				"${PODS_PODFILE_DIR_PATH}/Podfile.lock",
				"${PODS_ROOT}/Manifest.lock",
			);
			name = "[CP] Check Pods Manifest.lock";
			outputFileListPaths = (
			);
			outputPaths = (
				"$(DERIVED_FILE_DIR)/Pods-RxAPIRequestTests-checkManifestLockResult.txt",
			);
			runOnlyForDeploymentPostprocessing = 0;
			shellPath = /bin/sh;
			shellScript = "diff \"${PODS_PODFILE_DIR_PATH}/Podfile.lock\" \"${PODS_ROOT}/Manifest.lock\" > /dev/null\nif [ $? != 0 ] ; then\n    # print error to STDERR\n    echo \"error: The sandbox is not in sync with the Podfile.lock. Run 'pod install' or update your CocoaPods installation.\" >&2\n    exit 1\nfi\n# This output is used by Xcode 'outputs' to avoid re-running this script phase.\necho \"SUCCESS\" > \"${SCRIPT_OUTPUT_FILE_0}\"\n";
			showEnvVarsInLog = 0;
		};
/* End PBXShellScriptBuildPhase section */

/* Begin PBXSourcesBuildPhase section */
		DACBB04B215E43CA00053ABE /* Sources */ = {
			isa = PBXSourcesBuildPhase;
			buildActionMask = 2147483647;
			files = (
				DACBB095215FCF5900053ABE /* Result.swift in Sources */,
				DACBB08B215FAC3D00053ABE /* UserInfoModel.swift in Sources */,
				DACBB08D215FAC7B00053ABE /* RepositoryListModel.swift in Sources */,
				DACBB07F215ED1CE00053ABE /* RepositoryList.swift in Sources */,
				DACBB091215FC40200053ABE /* APIClient.swift in Sources */,
				DACBB055215E43CB00053ABE /* ViewController.swift in Sources */,
				DACBB07B215ED1B700053ABE /* UserInfo.swift in Sources */,
				DACBB053215E43CB00053ABE /* AppDelegate.swift in Sources */,
				DACBB07D215ED1C200053ABE /* Repository.swift in Sources */,
			);
			runOnlyForDeploymentPostprocessing = 0;
		};
		DACBB05F215E43CC00053ABE /* Sources */ = {
			isa = PBXSourcesBuildPhase;
			buildActionMask = 2147483647;
			files = (
				DACBB068215E43CC00053ABE /* RxAPIRequestTests.swift in Sources */,
			);
			runOnlyForDeploymentPostprocessing = 0;
		};
/* End PBXSourcesBuildPhase section */

/* Begin PBXTargetDependency section */
		DACBB065215E43CC00053ABE /* PBXTargetDependency */ = {
			isa = PBXTargetDependency;
			target = DACBB04E215E43CA00053ABE /* RxAPIRequest */;
			targetProxy = DACBB064215E43CC00053ABE /* PBXContainerItemProxy */;
		};
/* End PBXTargetDependency section */

/* Begin PBXVariantGroup section */
		DACBB05B215E43CC00053ABE /* LaunchScreen.storyboard */ = {
			isa = PBXVariantGroup;
			children = (
				DACBB05C215E43CC00053ABE /* Base */,
			);
			name = LaunchScreen.storyboard;
			sourceTree = "<group>";
		};
/* End PBXVariantGroup section */

/* Begin XCBuildConfiguration section */
		DACBB06A215E43CC00053ABE /* Debug */ = {
			isa = XCBuildConfiguration;
			buildSettings = {
				ALWAYS_SEARCH_USER_PATHS = NO;
				CLANG_ANALYZER_NONNULL = YES;
				CLANG_ANALYZER_NUMBER_OBJECT_CONVERSION = YES_AGGRESSIVE;
				CLANG_CXX_LANGUAGE_STANDARD = "gnu++14";
				CLANG_CXX_LIBRARY = "libc++";
				CLANG_ENABLE_MODULES = YES;
				CLANG_ENABLE_OBJC_ARC = YES;
				CLANG_ENABLE_OBJC_WEAK = YES;
				CLANG_WARN_BLOCK_CAPTURE_AUTORELEASING = YES;
				CLANG_WARN_BOOL_CONVERSION = YES;
				CLANG_WARN_COMMA = YES;
				CLANG_WARN_CONSTANT_CONVERSION = YES;
				CLANG_WARN_DEPRECATED_OBJC_IMPLEMENTATIONS = YES;
				CLANG_WARN_DIRECT_OBJC_ISA_USAGE = YES_ERROR;
				CLANG_WARN_DOCUMENTATION_COMMENTS = YES;
				CLANG_WARN_EMPTY_BODY = YES;
				CLANG_WARN_ENUM_CONVERSION = YES;
				CLANG_WARN_INFINITE_RECURSION = YES;
				CLANG_WARN_INT_CONVERSION = YES;
				CLANG_WARN_NON_LITERAL_NULL_CONVERSION = YES;
				CLANG_WARN_OBJC_IMPLICIT_RETAIN_SELF = YES;
				CLANG_WARN_OBJC_LITERAL_CONVERSION = YES;
				CLANG_WARN_OBJC_ROOT_CLASS = YES_ERROR;
				CLANG_WARN_RANGE_LOOP_ANALYSIS = YES;
				CLANG_WARN_STRICT_PROTOTYPES = YES;
				CLANG_WARN_SUSPICIOUS_MOVE = YES;
				CLANG_WARN_UNGUARDED_AVAILABILITY = YES_AGGRESSIVE;
				CLANG_WARN_UNREACHABLE_CODE = YES;
				CLANG_WARN__DUPLICATE_METHOD_MATCH = YES;
				CODE_SIGN_IDENTITY = "iPhone Developer";
				COPY_PHASE_STRIP = NO;
				DEBUG_INFORMATION_FORMAT = dwarf;
				ENABLE_STRICT_OBJC_MSGSEND = YES;
				ENABLE_TESTABILITY = YES;
				GCC_C_LANGUAGE_STANDARD = gnu11;
				GCC_DYNAMIC_NO_PIC = NO;
				GCC_NO_COMMON_BLOCKS = YES;
				GCC_OPTIMIZATION_LEVEL = 0;
				GCC_PREPROCESSOR_DEFINITIONS = (
					"DEBUG=1",
					"$(inherited)",
				);
				GCC_WARN_64_TO_32_BIT_CONVERSION = YES;
				GCC_WARN_ABOUT_RETURN_TYPE = YES_ERROR;
				GCC_WARN_UNDECLARED_SELECTOR = YES;
				GCC_WARN_UNINITIALIZED_AUTOS = YES_AGGRESSIVE;
				GCC_WARN_UNUSED_FUNCTION = YES;
				GCC_WARN_UNUSED_VARIABLE = YES;
				IPHONEOS_DEPLOYMENT_TARGET = 11.0;
				MTL_ENABLE_DEBUG_INFO = INCLUDE_SOURCE;
				MTL_FAST_MATH = YES;
				ONLY_ACTIVE_ARCH = YES;
				SDKROOT = iphoneos;
				SWIFT_ACTIVE_COMPILATION_CONDITIONS = DEBUG;
				SWIFT_OPTIMIZATION_LEVEL = "-Onone";
			};
			name = Debug;
		};
		DACBB06B215E43CC00053ABE /* Release */ = {
			isa = XCBuildConfiguration;
			buildSettings = {
				ALWAYS_SEARCH_USER_PATHS = NO;
				CLANG_ANALYZER_NONNULL = YES;
				CLANG_ANALYZER_NUMBER_OBJECT_CONVERSION = YES_AGGRESSIVE;
				CLANG_CXX_LANGUAGE_STANDARD = "gnu++14";
				CLANG_CXX_LIBRARY = "libc++";
				CLANG_ENABLE_MODULES = YES;
				CLANG_ENABLE_OBJC_ARC = YES;
				CLANG_ENABLE_OBJC_WEAK = YES;
				CLANG_WARN_BLOCK_CAPTURE_AUTORELEASING = YES;
				CLANG_WARN_BOOL_CONVERSION = YES;
				CLANG_WARN_COMMA = YES;
				CLANG_WARN_CONSTANT_CONVERSION = YES;
				CLANG_WARN_DEPRECATED_OBJC_IMPLEMENTATIONS = YES;
				CLANG_WARN_DIRECT_OBJC_ISA_USAGE = YES_ERROR;
				CLANG_WARN_DOCUMENTATION_COMMENTS = YES;
				CLANG_WARN_EMPTY_BODY = YES;
				CLANG_WARN_ENUM_CONVERSION = YES;
				CLANG_WARN_INFINITE_RECURSION = YES;
				CLANG_WARN_INT_CONVERSION = YES;
				CLANG_WARN_NON_LITERAL_NULL_CONVERSION = YES;
				CLANG_WARN_OBJC_IMPLICIT_RETAIN_SELF = YES;
				CLANG_WARN_OBJC_LITERAL_CONVERSION = YES;
				CLANG_WARN_OBJC_ROOT_CLASS = YES_ERROR;
				CLANG_WARN_RANGE_LOOP_ANALYSIS = YES;
				CLANG_WARN_STRICT_PROTOTYPES = YES;
				CLANG_WARN_SUSPICIOUS_MOVE = YES;
				CLANG_WARN_UNGUARDED_AVAILABILITY = YES_AGGRESSIVE;
				CLANG_WARN_UNREACHABLE_CODE = YES;
				CLANG_WARN__DUPLICATE_METHOD_MATCH = YES;
				CODE_SIGN_IDENTITY = "iPhone Developer";
				COPY_PHASE_STRIP = NO;
				DEBUG_INFORMATION_FORMAT = "dwarf-with-dsym";
				ENABLE_NS_ASSERTIONS = NO;
				ENABLE_STRICT_OBJC_MSGSEND = YES;
				GCC_C_LANGUAGE_STANDARD = gnu11;
				GCC_NO_COMMON_BLOCKS = YES;
				GCC_WARN_64_TO_32_BIT_CONVERSION = YES;
				GCC_WARN_ABOUT_RETURN_TYPE = YES_ERROR;
				GCC_WARN_UNDECLARED_SELECTOR = YES;
				GCC_WARN_UNINITIALIZED_AUTOS = YES_AGGRESSIVE;
				GCC_WARN_UNUSED_FUNCTION = YES;
				GCC_WARN_UNUSED_VARIABLE = YES;
				IPHONEOS_DEPLOYMENT_TARGET = 11.0;
				MTL_ENABLE_DEBUG_INFO = NO;
				MTL_FAST_MATH = YES;
				SDKROOT = iphoneos;
				SWIFT_COMPILATION_MODE = wholemodule;
				SWIFT_OPTIMIZATION_LEVEL = "-O";
				VALIDATE_PRODUCT = YES;
			};
			name = Release;
		};
		DACBB06D215E43CC00053ABE /* Debug */ = {
			isa = XCBuildConfiguration;
			baseConfigurationReference = 4110C97F1D5AA82B88110597 /* Pods-RxAPIRequest.debug.xcconfig */;
			buildSettings = {
				ASSETCATALOG_COMPILER_APPICON_NAME = AppIcon;
				CODE_SIGN_STYLE = Automatic;
				DEVELOPMENT_TEAM = 8U533Y3X82;
				INFOPLIST_FILE = RxAPIRequest/Info.plist;
				IPHONEOS_DEPLOYMENT_TARGET = 11.0;
				LD_RUNPATH_SEARCH_PATHS = (
					"$(inherited)",
					"@executable_path/Frameworks",
				);
				PRODUCT_BUNDLE_IDENTIFIER = com.shotanakagami.RxAPIRequest;
				PRODUCT_NAME = "$(TARGET_NAME)";
				SWIFT_VERSION = 4.2;
				TARGETED_DEVICE_FAMILY = "1,2";
			};
			name = Debug;
		};
		DACBB06E215E43CC00053ABE /* Release */ = {
			isa = XCBuildConfiguration;
			baseConfigurationReference = 89D230098F5B7C16FBE3DB2A /* Pods-RxAPIRequest.release.xcconfig */;
			buildSettings = {
				ASSETCATALOG_COMPILER_APPICON_NAME = AppIcon;
				CODE_SIGN_STYLE = Automatic;
				DEVELOPMENT_TEAM = 8U533Y3X82;
				INFOPLIST_FILE = RxAPIRequest/Info.plist;
				IPHONEOS_DEPLOYMENT_TARGET = 11.0;
				LD_RUNPATH_SEARCH_PATHS = (
					"$(inherited)",
					"@executable_path/Frameworks",
				);
				PRODUCT_BUNDLE_IDENTIFIER = com.shotanakagami.RxAPIRequest;
				PRODUCT_NAME = "$(TARGET_NAME)";
				SWIFT_VERSION = 4.2;
				TARGETED_DEVICE_FAMILY = "1,2";
			};
			name = Release;
		};
		DACBB070215E43CC00053ABE /* Debug */ = {
			isa = XCBuildConfiguration;
			baseConfigurationReference = BCE8B786968327ED47BD5091 /* Pods-RxAPIRequestTests.debug.xcconfig */;
			buildSettings = {
				ALWAYS_EMBED_SWIFT_STANDARD_LIBRARIES = YES;
				BUNDLE_LOADER = "$(TEST_HOST)";
				CODE_SIGN_STYLE = Automatic;
				DEVELOPMENT_TEAM = 8U533Y3X82;
				INFOPLIST_FILE = RxAPIRequestTests/Info.plist;
				LD_RUNPATH_SEARCH_PATHS = (
					"$(inherited)",
					"@executable_path/Frameworks",
					"@loader_path/Frameworks",
				);
				PRODUCT_BUNDLE_IDENTIFIER = com.shotanakagami.RxAPIRequestTests;
				PRODUCT_NAME = "$(TARGET_NAME)";
				SWIFT_VERSION = 4.2;
				TARGETED_DEVICE_FAMILY = "1,2";
				TEST_HOST = "$(BUILT_PRODUCTS_DIR)/RxAPIRequest.app/RxAPIRequest";
			};
			name = Debug;
		};
		DACBB071215E43CC00053ABE /* Release */ = {
			isa = XCBuildConfiguration;
			baseConfigurationReference = 0E41C412C29DB2BF29703658 /* Pods-RxAPIRequestTests.release.xcconfig */;
			buildSettings = {
				ALWAYS_EMBED_SWIFT_STANDARD_LIBRARIES = YES;
				BUNDLE_LOADER = "$(TEST_HOST)";
				CODE_SIGN_STYLE = Automatic;
				DEVELOPMENT_TEAM = 8U533Y3X82;
				INFOPLIST_FILE = RxAPIRequestTests/Info.plist;
				LD_RUNPATH_SEARCH_PATHS = (
					"$(inherited)",
					"@executable_path/Frameworks",
					"@loader_path/Frameworks",
				);
				PRODUCT_BUNDLE_IDENTIFIER = com.shotanakagami.RxAPIRequestTests;
				PRODUCT_NAME = "$(TARGET_NAME)";
				SWIFT_VERSION = 4.2;
				TARGETED_DEVICE_FAMILY = "1,2";
				TEST_HOST = "$(BUILT_PRODUCTS_DIR)/RxAPIRequest.app/RxAPIRequest";
			};
			name = Release;
		};
/* End XCBuildConfiguration section */

/* Begin XCConfigurationList section */
		DACBB04A215E43CA00053ABE /* Build configuration list for PBXProject "RxAPIRequest" */ = {
			isa = XCConfigurationList;
			buildConfigurations = (
				DACBB06A215E43CC00053ABE /* Debug */,
				DACBB06B215E43CC00053ABE /* Release */,
			);
			defaultConfigurationIsVisible = 0;
			defaultConfigurationName = Release;
		};
		DACBB06C215E43CC00053ABE /* Build configuration list for PBXNativeTarget "RxAPIRequest" */ = {
			isa = XCConfigurationList;
			buildConfigurations = (
				DACBB06D215E43CC00053ABE /* Debug */,
				DACBB06E215E43CC00053ABE /* Release */,
			);
			defaultConfigurationIsVisible = 0;
			defaultConfigurationName = Release;
		};
		DACBB06F215E43CC00053ABE /* Build configuration list for PBXNativeTarget "RxAPIRequestTests" */ = {
			isa = XCConfigurationList;
			buildConfigurations = (
				DACBB070215E43CC00053ABE /* Debug */,
				DACBB071215E43CC00053ABE /* Release */,
			);
			defaultConfigurationIsVisible = 0;
			defaultConfigurationName = Release;
		};
/* End XCConfigurationList section */
	};
	rootObject = DACBB047215E43CA00053ABE /* Project object */;
}
